
Microsoft Visual Studio Solution File, Format Version 12.00
# Visual Studio Version 17
VisualStudioVersion = 17.2.32516.85
MinimumVisualStudioVersion = 10.0.40219.1
Project("{FAE04EC0-301F-11D3-BF4B-00C04F79EFBC}") = "CMPG323-Project2-37687638", "CMPG323-Project2-37687638.csproj", "{2638F30C-BF63-42B8-B7D3-7BBE72A2B361}"
EndProject
Global
	GlobalSection(SolutionConfigurationPlatforms) = preSolution
		Debug|Any CPU = Debug|Any CPU
		Release|Any CPU = Release|Any CPU
	EndGlobalSection
	GlobalSection(ProjectConfigurationPlatforms) = postSolution
		{2638F30C-BF63-42B8-B7D3-7BBE72A2B361}.Debug|Any CPU.ActiveCfg = Debug|Any CPU
		{2638F30C-BF63-42B8-B7D3-7BBE72A2B361}.Debug|Any CPU.Build.0 = Debug|Any CPU
		{2638F30C-BF63-42B8-B7D3-7BBE72A2B361}.Release|Any CPU.ActiveCfg = Release|Any CPU
		{2638F30C-BF63-42B8-B7D3-7BBE72A2B361}.Release|Any CPU.Build.0 = Release|Any CPU
	EndGlobalSection
	GlobalSection(SolutionProperties) = preSolution
		HideSolutionNode = FALSE
	EndGlobalSection
	GlobalSection(ExtensibilityGlobals) = postSolution
		SolutionGuid = {E5E59FC3-3FD3-4DE1-9348-AF893320CBC7}
	EndGlobalSection
EndGlobal
